
Microsoft Visual Studio Solution File, Format Version 12.00
# Visual Studio Version 16
VisualStudioVersion = 16.0.31205.134
MinimumVisualStudioVersion = 10.0.40219.1
Project("{FAE04EC0-301F-11D3-BF4B-00C04F79EFBC}") = "ApiCatalogojogos", "ApiCatalogojogos\ApiCatalogojogos.csproj", "{93AE837D-6A5A-4532-818E-EDF03B03A620}"
EndProject
Global
	GlobalSection(SolutionConfigurationPlatforms) = preSolution
		Debug|Any CPU = Debug|Any CPU
		Release|Any CPU = Release|Any CPU
	EndGlobalSection
	GlobalSection(ProjectConfigurationPlatforms) = postSolution
		{93AE837D-6A5A-4532-818E-EDF03B03A620}.Debug|Any CPU.ActiveCfg = Debug|Any CPU
		{93AE837D-6A5A-4532-818E-EDF03B03A620}.Debug|Any CPU.Build.0 = Debug|Any CPU
		{93AE837D-6A5A-4532-818E-EDF03B03A620}.Release|Any CPU.ActiveCfg = Release|Any CPU
		{93AE837D-6A5A-4532-818E-EDF03B03A620}.Release|Any CPU.Build.0 = Release|Any CPU
	EndGlobalSection
	GlobalSection(SolutionProperties) = preSolution
		HideSolutionNode = FALSE
	EndGlobalSection
	GlobalSection(ExtensibilityGlobals) = postSolution
		SolutionGuid = {84C2979F-63F1-423D-A61E-B82AB60231EA}
	EndGlobalSection
EndGlobal
